<?xml version="1.0" encoding="utf-8"?>
<Project ToolsVersion="17.0" xmlns="http://schemas.microsoft.com/developer/msbuild/2003">
  <ItemGroup>
    <ClCompile Include="C:\Users\aliem\Desktop\1\ce205-midterm-\src\publictransportationschedulerapp\src\publictransportationschedulerapp.cpp">
      <Filter>src</Filter>
    </ClCompile>
  </ItemGroup>
  <ItemGroup>
    <ClInclude Include="C:\Users\aliem\Desktop\1\ce205-midterm-\src\publictransportationschedulerapp\header\publictransportationschedulerapp.h">
      <Filter>header</Filter>
    </ClInclude>
  </ItemGroup>
  <ItemGroup>
    <CustomBuild Include="C:\Users\aliem\Desktop\1\ce205-midterm-\src\publictransportationschedulerapp\CMakeLists.txt" />
  </ItemGroup>
  <ItemGroup>
    <Filter Include="header">
      <UniqueIdentifier>{2CBA0F81-22CC-31C2-A431-2FEFA55449D1}</UniqueIdentifier>
    </Filter>
    <Filter Include="src">
      <UniqueIdentifier>{F2231AC1-E51E-3299-A227-E11494014E67}</UniqueIdentifier>
    </Filter>
  </ItemGroup>
</Project>
