<?xml version="1.0" encoding="utf-8"?>
<Project ToolsVersion="17.0" xmlns="http://schemas.microsoft.com/developer/msbuild/2003">
  <ItemGroup>
    <ClCompile Include="C:\Users\aliem\Desktop\1\ce205-midterm-\src\tests\utility\utility_test.cpp">
      <Filter>src</Filter>
    </ClCompile>
  </ItemGroup>
  <ItemGroup>
    <CustomBuild Include="C:\Users\aliem\Desktop\1\ce205-midterm-\src\tests\utility\CMakeLists.txt" />
  </ItemGroup>
  <ItemGroup>
    <Filter Include="src">
      <UniqueIdentifier>{F2231AC1-E51E-3299-A227-E11494014E67}</UniqueIdentifier>
    </Filter>
  </ItemGroup>
</Project>
