
Microsoft Visual Studio Solution File, Format Version 12.00
# Visual Studio Version 17
Project("{8BC9CEB8-8B4A-11D0-8D11-00A0C91BC942}") = "ALL_BUILD", "ALL_BUILD.vcxproj", "{02CCBDFB-BA18-3F8A-BB3C-0F40E58DF8E4}"
	ProjectSection(ProjectDependencies) = postProject
		{DA55185D-ED86-3ED3-A1B2-AAE32B531738} = {DA55185D-ED86-3ED3-A1B2-AAE32B531738}
		{04756C3C-E304-312F-9553-067E7CB8E171} = {04756C3C-E304-312F-9553-067E7CB8E171}
		{3E40EA1E-157D-36EE-A7F2-F69CCA00212C} = {3E40EA1E-157D-36EE-A7F2-F69CCA00212C}
		{05BCE0C6-7674-3329-B1EF-BE08E28074B9} = {05BCE0C6-7674-3329-B1EF-BE08E28074B9}
		{A35B7C0B-4D41-3D3C-AA8C-99144A5AB315} = {A35B7C0B-4D41-3D3C-AA8C-99144A5AB315}
		{D5FD3EF0-B994-3A55-A1FA-F91BD16EAE10} = {D5FD3EF0-B994-3A55-A1FA-F91BD16EAE10}
	EndProjectSection
EndProject
Project("{8BC9CEB8-8B4A-11D0-8D11-00A0C91BC942}") = "INSTALL", "INSTALL.vcxproj", "{C3AC786E-26E0-34C7-ABF6-21C5055A19C4}"
	ProjectSection(ProjectDependencies) = postProject
		{02CCBDFB-BA18-3F8A-BB3C-0F40E58DF8E4} = {02CCBDFB-BA18-3F8A-BB3C-0F40E58DF8E4}
		{DA55185D-ED86-3ED3-A1B2-AAE32B531738} = {DA55185D-ED86-3ED3-A1B2-AAE32B531738}
	EndProjectSection
EndProject
Project("{8BC9CEB8-8B4A-11D0-8D11-00A0C91BC942}") = "RUN_TESTS", "RUN_TESTS.vcxproj", "{023EBEA2-B90D-3E63-B2E4-4A8E1D547C75}"
	ProjectSection(ProjectDependencies) = postProject
		{DA55185D-ED86-3ED3-A1B2-AAE32B531738} = {DA55185D-ED86-3ED3-A1B2-AAE32B531738}
	EndProjectSection
EndProject
Project("{8BC9CEB8-8B4A-11D0-8D11-00A0C91BC942}") = "ZERO_CHECK", "ZERO_CHECK.vcxproj", "{DA55185D-ED86-3ED3-A1B2-AAE32B531738}"
	ProjectSection(ProjectDependencies) = postProject
	EndProjectSection
EndProject
Project("{8BC9CEB8-8B4A-11D0-8D11-00A0C91BC942}") = "gtest", "src\tests\googletest-build\googletest\gtest.vcxproj", "{42C95B8B-B490-307B-9D4E-2C9CE0FF79E7}"
	ProjectSection(ProjectDependencies) = postProject
		{DA55185D-ED86-3ED3-A1B2-AAE32B531738} = {DA55185D-ED86-3ED3-A1B2-AAE32B531738}
	EndProjectSection
EndProject
Project("{8BC9CEB8-8B4A-11D0-8D11-00A0C91BC942}") = "gtest_main", "src\tests\googletest-build\googletest\gtest_main.vcxproj", "{FFB2B43D-0919-33FB-B874-29E7858CDDCD}"
	ProjectSection(ProjectDependencies) = postProject
		{DA55185D-ED86-3ED3-A1B2-AAE32B531738} = {DA55185D-ED86-3ED3-A1B2-AAE32B531738}
		{42C95B8B-B490-307B-9D4E-2C9CE0FF79E7} = {42C95B8B-B490-307B-9D4E-2C9CE0FF79E7}
	EndProjectSection
EndProject
Project("{8BC9CEB8-8B4A-11D0-8D11-00A0C91BC942}") = "publictransportationscheduler", "src\publictransportationscheduler\publictransportationscheduler.vcxproj", "{04756C3C-E304-312F-9553-067E7CB8E171}"
	ProjectSection(ProjectDependencies) = postProject
		{DA55185D-ED86-3ED3-A1B2-AAE32B531738} = {DA55185D-ED86-3ED3-A1B2-AAE32B531738}
		{A35B7C0B-4D41-3D3C-AA8C-99144A5AB315} = {A35B7C0B-4D41-3D3C-AA8C-99144A5AB315}
	EndProjectSection
EndProject
Project("{8BC9CEB8-8B4A-11D0-8D11-00A0C91BC942}") = "publictransportationscheduler_tests", "src\tests\publictransportationscheduler\publictransportationscheduler_tests.vcxproj", "{3E40EA1E-157D-36EE-A7F2-F69CCA00212C}"
	ProjectSection(ProjectDependencies) = postProject
		{DA55185D-ED86-3ED3-A1B2-AAE32B531738} = {DA55185D-ED86-3ED3-A1B2-AAE32B531738}
		{42C95B8B-B490-307B-9D4E-2C9CE0FF79E7} = {42C95B8B-B490-307B-9D4E-2C9CE0FF79E7}
		{FFB2B43D-0919-33FB-B874-29E7858CDDCD} = {FFB2B43D-0919-33FB-B874-29E7858CDDCD}
		{04756C3C-E304-312F-9553-067E7CB8E171} = {04756C3C-E304-312F-9553-067E7CB8E171}
		{A35B7C0B-4D41-3D3C-AA8C-99144A5AB315} = {A35B7C0B-4D41-3D3C-AA8C-99144A5AB315}
	EndProjectSection
EndProject
Project("{8BC9CEB8-8B4A-11D0-8D11-00A0C91BC942}") = "publictransportationschedulerapp", "src\publictransportationschedulerapp\publictransportationschedulerapp.vcxproj", "{05BCE0C6-7674-3329-B1EF-BE08E28074B9}"
	ProjectSection(ProjectDependencies) = postProject
		{DA55185D-ED86-3ED3-A1B2-AAE32B531738} = {DA55185D-ED86-3ED3-A1B2-AAE32B531738}
		{04756C3C-E304-312F-9553-067E7CB8E171} = {04756C3C-E304-312F-9553-067E7CB8E171}
		{A35B7C0B-4D41-3D3C-AA8C-99144A5AB315} = {A35B7C0B-4D41-3D3C-AA8C-99144A5AB315}
	EndProjectSection
EndProject
Project("{8BC9CEB8-8B4A-11D0-8D11-00A0C91BC942}") = "utility", "src\utility\utility.vcxproj", "{A35B7C0B-4D41-3D3C-AA8C-99144A5AB315}"
	ProjectSection(ProjectDependencies) = postProject
		{DA55185D-ED86-3ED3-A1B2-AAE32B531738} = {DA55185D-ED86-3ED3-A1B2-AAE32B531738}
	EndProjectSection
EndProject
Project("{8BC9CEB8-8B4A-11D0-8D11-00A0C91BC942}") = "utility_tests", "src\tests\utility\utility_tests.vcxproj", "{D5FD3EF0-B994-3A55-A1FA-F91BD16EAE10}"
	ProjectSection(ProjectDependencies) = postProject
		{DA55185D-ED86-3ED3-A1B2-AAE32B531738} = {DA55185D-ED86-3ED3-A1B2-AAE32B531738}
		{42C95B8B-B490-307B-9D4E-2C9CE0FF79E7} = {42C95B8B-B490-307B-9D4E-2C9CE0FF79E7}
		{FFB2B43D-0919-33FB-B874-29E7858CDDCD} = {FFB2B43D-0919-33FB-B874-29E7858CDDCD}
		{A35B7C0B-4D41-3D3C-AA8C-99144A5AB315} = {A35B7C0B-4D41-3D3C-AA8C-99144A5AB315}
	EndProjectSection
EndProject
Global
	GlobalSection(SolutionConfigurationPlatforms) = preSolution
		Debug|x64 = Debug|x64
		Release|x64 = Release|x64
	EndGlobalSection
	GlobalSection(ProjectConfigurationPlatforms) = postSolution
		{02CCBDFB-BA18-3F8A-BB3C-0F40E58DF8E4}.Debug|x64.ActiveCfg = Debug|x64
		{02CCBDFB-BA18-3F8A-BB3C-0F40E58DF8E4}.Debug|x64.Build.0 = Debug|x64
		{02CCBDFB-BA18-3F8A-BB3C-0F40E58DF8E4}.Release|x64.ActiveCfg = Release|x64
		{02CCBDFB-BA18-3F8A-BB3C-0F40E58DF8E4}.Release|x64.Build.0 = Release|x64
		{C3AC786E-26E0-34C7-ABF6-21C5055A19C4}.Debug|x64.ActiveCfg = Debug|x64
		{C3AC786E-26E0-34C7-ABF6-21C5055A19C4}.Release|x64.ActiveCfg = Release|x64
		{023EBEA2-B90D-3E63-B2E4-4A8E1D547C75}.Debug|x64.ActiveCfg = Debug|x64
		{023EBEA2-B90D-3E63-B2E4-4A8E1D547C75}.Release|x64.ActiveCfg = Release|x64
		{DA55185D-ED86-3ED3-A1B2-AAE32B531738}.Debug|x64.ActiveCfg = Debug|x64
		{DA55185D-ED86-3ED3-A1B2-AAE32B531738}.Debug|x64.Build.0 = Debug|x64
		{DA55185D-ED86-3ED3-A1B2-AAE32B531738}.Release|x64.ActiveCfg = Release|x64
		{DA55185D-ED86-3ED3-A1B2-AAE32B531738}.Release|x64.Build.0 = Release|x64
		{42C95B8B-B490-307B-9D4E-2C9CE0FF79E7}.Debug|x64.ActiveCfg = Debug|x64
		{42C95B8B-B490-307B-9D4E-2C9CE0FF79E7}.Debug|x64.Build.0 = Debug|x64
		{42C95B8B-B490-307B-9D4E-2C9CE0FF79E7}.Release|x64.ActiveCfg = Release|x64
		{42C95B8B-B490-307B-9D4E-2C9CE0FF79E7}.Release|x64.Build.0 = Release|x64
		{FFB2B43D-0919-33FB-B874-29E7858CDDCD}.Debug|x64.ActiveCfg = Debug|x64
		{FFB2B43D-0919-33FB-B874-29E7858CDDCD}.Debug|x64.Build.0 = Debug|x64
		{FFB2B43D-0919-33FB-B874-29E7858CDDCD}.Release|x64.ActiveCfg = Release|x64
		{FFB2B43D-0919-33FB-B874-29E7858CDDCD}.Release|x64.Build.0 = Release|x64
		{04756C3C-E304-312F-9553-067E7CB8E171}.Debug|x64.ActiveCfg = Debug|x64
		{04756C3C-E304-312F-9553-067E7CB8E171}.Debug|x64.Build.0 = Debug|x64
		{04756C3C-E304-312F-9553-067E7CB8E171}.Release|x64.ActiveCfg = Release|x64
		{04756C3C-E304-312F-9553-067E7CB8E171}.Release|x64.Build.0 = Release|x64
		{3E40EA1E-157D-36EE-A7F2-F69CCA00212C}.Debug|x64.ActiveCfg = Debug|x64
		{3E40EA1E-157D-36EE-A7F2-F69CCA00212C}.Debug|x64.Build.0 = Debug|x64
		{3E40EA1E-157D-36EE-A7F2-F69CCA00212C}.Release|x64.ActiveCfg = Release|x64
		{3E40EA1E-157D-36EE-A7F2-F69CCA00212C}.Release|x64.Build.0 = Release|x64
		{05BCE0C6-7674-3329-B1EF-BE08E28074B9}.Debug|x64.ActiveCfg = Debug|x64
		{05BCE0C6-7674-3329-B1EF-BE08E28074B9}.Debug|x64.Build.0 = Debug|x64
		{05BCE0C6-7674-3329-B1EF-BE08E28074B9}.Release|x64.ActiveCfg = Release|x64
		{05BCE0C6-7674-3329-B1EF-BE08E28074B9}.Release|x64.Build.0 = Release|x64
		{A35B7C0B-4D41-3D3C-AA8C-99144A5AB315}.Debug|x64.ActiveCfg = Debug|x64
		{A35B7C0B-4D41-3D3C-AA8C-99144A5AB315}.Debug|x64.Build.0 = Debug|x64
		{A35B7C0B-4D41-3D3C-AA8C-99144A5AB315}.Release|x64.ActiveCfg = Release|x64
		{A35B7C0B-4D41-3D3C-AA8C-99144A5AB315}.Release|x64.Build.0 = Release|x64
		{D5FD3EF0-B994-3A55-A1FA-F91BD16EAE10}.Debug|x64.ActiveCfg = Debug|x64
		{D5FD3EF0-B994-3A55-A1FA-F91BD16EAE10}.Debug|x64.Build.0 = Debug|x64
		{D5FD3EF0-B994-3A55-A1FA-F91BD16EAE10}.Release|x64.ActiveCfg = Release|x64
		{D5FD3EF0-B994-3A55-A1FA-F91BD16EAE10}.Release|x64.Build.0 = Release|x64
	EndGlobalSection
	GlobalSection(ExtensibilityGlobals) = postSolution
		SolutionGuid = {0CEBC6EE-F5E6-37E3-BD2B-55A5AE7F3597}
	EndGlobalSection
	GlobalSection(ExtensibilityAddIns) = postSolution
	EndGlobalSection
EndGlobal
