
Microsoft Visual Studio Solution File, Format Version 12.00
# Visual Studio Version 17
Project("{8BC9CEB8-8B4A-11D0-8D11-00A0C91BC942}") = "ALL_BUILD", "ALL_BUILD.vcxproj", "{EEB3061A-680C-3BA0-8B98-F79AA7E8C37C}"
	ProjectSection(ProjectDependencies) = postProject
		{F131F1CF-F711-3B14-A594-02E2A32FFFCF} = {F131F1CF-F711-3B14-A594-02E2A32FFFCF}
		{C94495A9-FA4D-3706-AACD-8EDB435ED783} = {C94495A9-FA4D-3706-AACD-8EDB435ED783}
		{DFB73581-7B0F-36DC-9482-35FE9E58C31A} = {DFB73581-7B0F-36DC-9482-35FE9E58C31A}
		{74100837-F4D7-36B9-BF50-FB54F77EA43B} = {74100837-F4D7-36B9-BF50-FB54F77EA43B}
		{BD3978CF-6875-3373-BA29-084D392F31FE} = {BD3978CF-6875-3373-BA29-084D392F31FE}
		{70DD90AC-A49D-3DD0-94CC-18C2BB149788} = {70DD90AC-A49D-3DD0-94CC-18C2BB149788}
	EndProjectSection
EndProject
Project("{8BC9CEB8-8B4A-11D0-8D11-00A0C91BC942}") = "INSTALL", "INSTALL.vcxproj", "{D4749514-C35A-335C-B08E-6482C0EA0ECC}"
	ProjectSection(ProjectDependencies) = postProject
		{EEB3061A-680C-3BA0-8B98-F79AA7E8C37C} = {EEB3061A-680C-3BA0-8B98-F79AA7E8C37C}
		{F131F1CF-F711-3B14-A594-02E2A32FFFCF} = {F131F1CF-F711-3B14-A594-02E2A32FFFCF}
	EndProjectSection
EndProject
Project("{8BC9CEB8-8B4A-11D0-8D11-00A0C91BC942}") = "RUN_TESTS", "RUN_TESTS.vcxproj", "{A1CB9593-ED85-348E-9BBF-C7447DAD1540}"
	ProjectSection(ProjectDependencies) = postProject
		{F131F1CF-F711-3B14-A594-02E2A32FFFCF} = {F131F1CF-F711-3B14-A594-02E2A32FFFCF}
	EndProjectSection
EndProject
Project("{8BC9CEB8-8B4A-11D0-8D11-00A0C91BC942}") = "ZERO_CHECK", "ZERO_CHECK.vcxproj", "{F131F1CF-F711-3B14-A594-02E2A32FFFCF}"
	ProjectSection(ProjectDependencies) = postProject
	EndProjectSection
EndProject
Project("{8BC9CEB8-8B4A-11D0-8D11-00A0C91BC942}") = "gtest", "src\tests\googletest-build\googletest\gtest.vcxproj", "{C3737F66-EAF1-3C6B-A719-B098DC1A0227}"
	ProjectSection(ProjectDependencies) = postProject
		{F131F1CF-F711-3B14-A594-02E2A32FFFCF} = {F131F1CF-F711-3B14-A594-02E2A32FFFCF}
	EndProjectSection
EndProject
Project("{8BC9CEB8-8B4A-11D0-8D11-00A0C91BC942}") = "gtest_main", "src\tests\googletest-build\googletest\gtest_main.vcxproj", "{596279AA-554D-3D41-9303-DC36CE7D9875}"
	ProjectSection(ProjectDependencies) = postProject
		{F131F1CF-F711-3B14-A594-02E2A32FFFCF} = {F131F1CF-F711-3B14-A594-02E2A32FFFCF}
		{C3737F66-EAF1-3C6B-A719-B098DC1A0227} = {C3737F66-EAF1-3C6B-A719-B098DC1A0227}
	EndProjectSection
EndProject
Project("{8BC9CEB8-8B4A-11D0-8D11-00A0C91BC942}") = "publictransportationscheduler", "src\publictransportationscheduler\publictransportationscheduler.vcxproj", "{C94495A9-FA4D-3706-AACD-8EDB435ED783}"
	ProjectSection(ProjectDependencies) = postProject
		{F131F1CF-F711-3B14-A594-02E2A32FFFCF} = {F131F1CF-F711-3B14-A594-02E2A32FFFCF}
		{BD3978CF-6875-3373-BA29-084D392F31FE} = {BD3978CF-6875-3373-BA29-084D392F31FE}
	EndProjectSection
EndProject
Project("{8BC9CEB8-8B4A-11D0-8D11-00A0C91BC942}") = "publictransportationscheduler_tests", "src\tests\publictransportationscheduler\publictransportationscheduler_tests.vcxproj", "{DFB73581-7B0F-36DC-9482-35FE9E58C31A}"
	ProjectSection(ProjectDependencies) = postProject
		{F131F1CF-F711-3B14-A594-02E2A32FFFCF} = {F131F1CF-F711-3B14-A594-02E2A32FFFCF}
		{C3737F66-EAF1-3C6B-A719-B098DC1A0227} = {C3737F66-EAF1-3C6B-A719-B098DC1A0227}
		{596279AA-554D-3D41-9303-DC36CE7D9875} = {596279AA-554D-3D41-9303-DC36CE7D9875}
		{C94495A9-FA4D-3706-AACD-8EDB435ED783} = {C94495A9-FA4D-3706-AACD-8EDB435ED783}
		{BD3978CF-6875-3373-BA29-084D392F31FE} = {BD3978CF-6875-3373-BA29-084D392F31FE}
	EndProjectSection
EndProject
Project("{8BC9CEB8-8B4A-11D0-8D11-00A0C91BC942}") = "publictransportationschedulerapp", "src\publictransportationschedulerapp\publictransportationschedulerapp.vcxproj", "{74100837-F4D7-36B9-BF50-FB54F77EA43B}"
	ProjectSection(ProjectDependencies) = postProject
		{F131F1CF-F711-3B14-A594-02E2A32FFFCF} = {F131F1CF-F711-3B14-A594-02E2A32FFFCF}
		{C94495A9-FA4D-3706-AACD-8EDB435ED783} = {C94495A9-FA4D-3706-AACD-8EDB435ED783}
		{BD3978CF-6875-3373-BA29-084D392F31FE} = {BD3978CF-6875-3373-BA29-084D392F31FE}
	EndProjectSection
EndProject
Project("{8BC9CEB8-8B4A-11D0-8D11-00A0C91BC942}") = "utility", "src\utility\utility.vcxproj", "{BD3978CF-6875-3373-BA29-084D392F31FE}"
	ProjectSection(ProjectDependencies) = postProject
		{F131F1CF-F711-3B14-A594-02E2A32FFFCF} = {F131F1CF-F711-3B14-A594-02E2A32FFFCF}
	EndProjectSection
EndProject
Project("{8BC9CEB8-8B4A-11D0-8D11-00A0C91BC942}") = "utility_tests", "src\tests\utility\utility_tests.vcxproj", "{70DD90AC-A49D-3DD0-94CC-18C2BB149788}"
	ProjectSection(ProjectDependencies) = postProject
		{F131F1CF-F711-3B14-A594-02E2A32FFFCF} = {F131F1CF-F711-3B14-A594-02E2A32FFFCF}
		{C3737F66-EAF1-3C6B-A719-B098DC1A0227} = {C3737F66-EAF1-3C6B-A719-B098DC1A0227}
		{596279AA-554D-3D41-9303-DC36CE7D9875} = {596279AA-554D-3D41-9303-DC36CE7D9875}
		{BD3978CF-6875-3373-BA29-084D392F31FE} = {BD3978CF-6875-3373-BA29-084D392F31FE}
	EndProjectSection
EndProject
Global
	GlobalSection(SolutionConfigurationPlatforms) = preSolution
		Debug|x64 = Debug|x64
		Release|x64 = Release|x64
	EndGlobalSection
	GlobalSection(ProjectConfigurationPlatforms) = postSolution
		{EEB3061A-680C-3BA0-8B98-F79AA7E8C37C}.Debug|x64.ActiveCfg = Debug|x64
		{EEB3061A-680C-3BA0-8B98-F79AA7E8C37C}.Debug|x64.Build.0 = Debug|x64
		{EEB3061A-680C-3BA0-8B98-F79AA7E8C37C}.Release|x64.ActiveCfg = Release|x64
		{EEB3061A-680C-3BA0-8B98-F79AA7E8C37C}.Release|x64.Build.0 = Release|x64
		{D4749514-C35A-335C-B08E-6482C0EA0ECC}.Debug|x64.ActiveCfg = Debug|x64
		{D4749514-C35A-335C-B08E-6482C0EA0ECC}.Release|x64.ActiveCfg = Release|x64
		{A1CB9593-ED85-348E-9BBF-C7447DAD1540}.Debug|x64.ActiveCfg = Debug|x64
		{A1CB9593-ED85-348E-9BBF-C7447DAD1540}.Release|x64.ActiveCfg = Release|x64
		{F131F1CF-F711-3B14-A594-02E2A32FFFCF}.Debug|x64.ActiveCfg = Debug|x64
		{F131F1CF-F711-3B14-A594-02E2A32FFFCF}.Debug|x64.Build.0 = Debug|x64
		{F131F1CF-F711-3B14-A594-02E2A32FFFCF}.Release|x64.ActiveCfg = Release|x64
		{F131F1CF-F711-3B14-A594-02E2A32FFFCF}.Release|x64.Build.0 = Release|x64
		{C3737F66-EAF1-3C6B-A719-B098DC1A0227}.Debug|x64.ActiveCfg = Debug|x64
		{C3737F66-EAF1-3C6B-A719-B098DC1A0227}.Debug|x64.Build.0 = Debug|x64
		{C3737F66-EAF1-3C6B-A719-B098DC1A0227}.Release|x64.ActiveCfg = Release|x64
		{C3737F66-EAF1-3C6B-A719-B098DC1A0227}.Release|x64.Build.0 = Release|x64
		{596279AA-554D-3D41-9303-DC36CE7D9875}.Debug|x64.ActiveCfg = Debug|x64
		{596279AA-554D-3D41-9303-DC36CE7D9875}.Debug|x64.Build.0 = Debug|x64
		{596279AA-554D-3D41-9303-DC36CE7D9875}.Release|x64.ActiveCfg = Release|x64
		{596279AA-554D-3D41-9303-DC36CE7D9875}.Release|x64.Build.0 = Release|x64
		{C94495A9-FA4D-3706-AACD-8EDB435ED783}.Debug|x64.ActiveCfg = Debug|x64
		{C94495A9-FA4D-3706-AACD-8EDB435ED783}.Debug|x64.Build.0 = Debug|x64
		{C94495A9-FA4D-3706-AACD-8EDB435ED783}.Release|x64.ActiveCfg = Release|x64
		{C94495A9-FA4D-3706-AACD-8EDB435ED783}.Release|x64.Build.0 = Release|x64
		{DFB73581-7B0F-36DC-9482-35FE9E58C31A}.Debug|x64.ActiveCfg = Debug|x64
		{DFB73581-7B0F-36DC-9482-35FE9E58C31A}.Debug|x64.Build.0 = Debug|x64
		{DFB73581-7B0F-36DC-9482-35FE9E58C31A}.Release|x64.ActiveCfg = Release|x64
		{DFB73581-7B0F-36DC-9482-35FE9E58C31A}.Release|x64.Build.0 = Release|x64
		{74100837-F4D7-36B9-BF50-FB54F77EA43B}.Debug|x64.ActiveCfg = Debug|x64
		{74100837-F4D7-36B9-BF50-FB54F77EA43B}.Debug|x64.Build.0 = Debug|x64
		{74100837-F4D7-36B9-BF50-FB54F77EA43B}.Release|x64.ActiveCfg = Release|x64
		{74100837-F4D7-36B9-BF50-FB54F77EA43B}.Release|x64.Build.0 = Release|x64
		{BD3978CF-6875-3373-BA29-084D392F31FE}.Debug|x64.ActiveCfg = Debug|x64
		{BD3978CF-6875-3373-BA29-084D392F31FE}.Debug|x64.Build.0 = Debug|x64
		{BD3978CF-6875-3373-BA29-084D392F31FE}.Release|x64.ActiveCfg = Release|x64
		{BD3978CF-6875-3373-BA29-084D392F31FE}.Release|x64.Build.0 = Release|x64
		{70DD90AC-A49D-3DD0-94CC-18C2BB149788}.Debug|x64.ActiveCfg = Debug|x64
		{70DD90AC-A49D-3DD0-94CC-18C2BB149788}.Debug|x64.Build.0 = Debug|x64
		{70DD90AC-A49D-3DD0-94CC-18C2BB149788}.Release|x64.ActiveCfg = Release|x64
		{70DD90AC-A49D-3DD0-94CC-18C2BB149788}.Release|x64.Build.0 = Release|x64
	EndGlobalSection
	GlobalSection(ExtensibilityGlobals) = postSolution
		SolutionGuid = {96593F00-F81D-360A-88F9-50D87B5DF1FF}
	EndGlobalSection
	GlobalSection(ExtensibilityAddIns) = postSolution
	EndGlobalSection
EndGlobal
