
Microsoft Visual Studio Solution File, Format Version 12.00
# Visual Studio Version 17
Project("{8BC9CEB8-8B4A-11D0-8D11-00A0C91BC942}") = "ALL_BUILD", "ALL_BUILD.vcxproj", "{A3912373-0062-3C23-955F-B4FB73A1255C}"
	ProjectSection(ProjectDependencies) = postProject
		{D55AF825-D256-39A8-A34B-FCC3361CA509} = {D55AF825-D256-39A8-A34B-FCC3361CA509}
		{9B907DF2-0BF7-3056-A01E-38EB52701855} = {9B907DF2-0BF7-3056-A01E-38EB52701855}
		{A6F63D23-B255-38BF-985E-CC4C7DFA0C4B} = {A6F63D23-B255-38BF-985E-CC4C7DFA0C4B}
		{FC705F46-B4FF-3226-95B3-01C4345837BC} = {FC705F46-B4FF-3226-95B3-01C4345837BC}
		{3847F7AA-1B0F-30CF-AAE9-5463F7C8B31E} = {3847F7AA-1B0F-30CF-AAE9-5463F7C8B31E}
		{8AFCD249-5D3E-3AAC-A16E-1227377B3BA7} = {8AFCD249-5D3E-3AAC-A16E-1227377B3BA7}
	EndProjectSection
EndProject
Project("{8BC9CEB8-8B4A-11D0-8D11-00A0C91BC942}") = "INSTALL", "INSTALL.vcxproj", "{BC61DC22-4198-32B0-AB42-D31DD5B5B953}"
	ProjectSection(ProjectDependencies) = postProject
		{A3912373-0062-3C23-955F-B4FB73A1255C} = {A3912373-0062-3C23-955F-B4FB73A1255C}
		{D55AF825-D256-39A8-A34B-FCC3361CA509} = {D55AF825-D256-39A8-A34B-FCC3361CA509}
	EndProjectSection
EndProject
Project("{8BC9CEB8-8B4A-11D0-8D11-00A0C91BC942}") = "RUN_TESTS", "RUN_TESTS.vcxproj", "{9001963A-08BC-3424-A2E7-62EFCF10D32E}"
	ProjectSection(ProjectDependencies) = postProject
		{D55AF825-D256-39A8-A34B-FCC3361CA509} = {D55AF825-D256-39A8-A34B-FCC3361CA509}
	EndProjectSection
EndProject
Project("{8BC9CEB8-8B4A-11D0-8D11-00A0C91BC942}") = "ZERO_CHECK", "ZERO_CHECK.vcxproj", "{D55AF825-D256-39A8-A34B-FCC3361CA509}"
	ProjectSection(ProjectDependencies) = postProject
	EndProjectSection
EndProject
Project("{8BC9CEB8-8B4A-11D0-8D11-00A0C91BC942}") = "gtest", "src\tests\googletest-build\googletest\gtest.vcxproj", "{50BB38D1-AD54-3A11-8B62-E705A8626623}"
	ProjectSection(ProjectDependencies) = postProject
		{D55AF825-D256-39A8-A34B-FCC3361CA509} = {D55AF825-D256-39A8-A34B-FCC3361CA509}
	EndProjectSection
EndProject
Project("{8BC9CEB8-8B4A-11D0-8D11-00A0C91BC942}") = "gtest_main", "src\tests\googletest-build\googletest\gtest_main.vcxproj", "{0AF2F716-4DA4-32C8-A0D4-62AADD791D27}"
	ProjectSection(ProjectDependencies) = postProject
		{D55AF825-D256-39A8-A34B-FCC3361CA509} = {D55AF825-D256-39A8-A34B-FCC3361CA509}
		{50BB38D1-AD54-3A11-8B62-E705A8626623} = {50BB38D1-AD54-3A11-8B62-E705A8626623}
	EndProjectSection
EndProject
Project("{8BC9CEB8-8B4A-11D0-8D11-00A0C91BC942}") = "publictransportationscheduler", "src\publictransportationscheduler\publictransportationscheduler.vcxproj", "{9B907DF2-0BF7-3056-A01E-38EB52701855}"
	ProjectSection(ProjectDependencies) = postProject
		{D55AF825-D256-39A8-A34B-FCC3361CA509} = {D55AF825-D256-39A8-A34B-FCC3361CA509}
		{3847F7AA-1B0F-30CF-AAE9-5463F7C8B31E} = {3847F7AA-1B0F-30CF-AAE9-5463F7C8B31E}
	EndProjectSection
EndProject
Project("{8BC9CEB8-8B4A-11D0-8D11-00A0C91BC942}") = "publictransportationscheduler_tests", "src\tests\publictransportationscheduler\publictransportationscheduler_tests.vcxproj", "{A6F63D23-B255-38BF-985E-CC4C7DFA0C4B}"
	ProjectSection(ProjectDependencies) = postProject
		{D55AF825-D256-39A8-A34B-FCC3361CA509} = {D55AF825-D256-39A8-A34B-FCC3361CA509}
		{50BB38D1-AD54-3A11-8B62-E705A8626623} = {50BB38D1-AD54-3A11-8B62-E705A8626623}
		{0AF2F716-4DA4-32C8-A0D4-62AADD791D27} = {0AF2F716-4DA4-32C8-A0D4-62AADD791D27}
		{9B907DF2-0BF7-3056-A01E-38EB52701855} = {9B907DF2-0BF7-3056-A01E-38EB52701855}
		{3847F7AA-1B0F-30CF-AAE9-5463F7C8B31E} = {3847F7AA-1B0F-30CF-AAE9-5463F7C8B31E}
	EndProjectSection
EndProject
Project("{8BC9CEB8-8B4A-11D0-8D11-00A0C91BC942}") = "publictransportationschedulerapp", "src\publictransportationschedulerapp\publictransportationschedulerapp.vcxproj", "{FC705F46-B4FF-3226-95B3-01C4345837BC}"
	ProjectSection(ProjectDependencies) = postProject
		{D55AF825-D256-39A8-A34B-FCC3361CA509} = {D55AF825-D256-39A8-A34B-FCC3361CA509}
		{9B907DF2-0BF7-3056-A01E-38EB52701855} = {9B907DF2-0BF7-3056-A01E-38EB52701855}
		{3847F7AA-1B0F-30CF-AAE9-5463F7C8B31E} = {3847F7AA-1B0F-30CF-AAE9-5463F7C8B31E}
	EndProjectSection
EndProject
Project("{8BC9CEB8-8B4A-11D0-8D11-00A0C91BC942}") = "utility", "src\utility\utility.vcxproj", "{3847F7AA-1B0F-30CF-AAE9-5463F7C8B31E}"
	ProjectSection(ProjectDependencies) = postProject
		{D55AF825-D256-39A8-A34B-FCC3361CA509} = {D55AF825-D256-39A8-A34B-FCC3361CA509}
	EndProjectSection
EndProject
Project("{8BC9CEB8-8B4A-11D0-8D11-00A0C91BC942}") = "utility_tests", "src\tests\utility\utility_tests.vcxproj", "{8AFCD249-5D3E-3AAC-A16E-1227377B3BA7}"
	ProjectSection(ProjectDependencies) = postProject
		{D55AF825-D256-39A8-A34B-FCC3361CA509} = {D55AF825-D256-39A8-A34B-FCC3361CA509}
		{50BB38D1-AD54-3A11-8B62-E705A8626623} = {50BB38D1-AD54-3A11-8B62-E705A8626623}
		{0AF2F716-4DA4-32C8-A0D4-62AADD791D27} = {0AF2F716-4DA4-32C8-A0D4-62AADD791D27}
		{3847F7AA-1B0F-30CF-AAE9-5463F7C8B31E} = {3847F7AA-1B0F-30CF-AAE9-5463F7C8B31E}
	EndProjectSection
EndProject
Global
	GlobalSection(SolutionConfigurationPlatforms) = preSolution
		Debug|x64 = Debug|x64
		Release|x64 = Release|x64
	EndGlobalSection
	GlobalSection(ProjectConfigurationPlatforms) = postSolution
		{A3912373-0062-3C23-955F-B4FB73A1255C}.Debug|x64.ActiveCfg = Debug|x64
		{A3912373-0062-3C23-955F-B4FB73A1255C}.Debug|x64.Build.0 = Debug|x64
		{A3912373-0062-3C23-955F-B4FB73A1255C}.Release|x64.ActiveCfg = Release|x64
		{A3912373-0062-3C23-955F-B4FB73A1255C}.Release|x64.Build.0 = Release|x64
		{BC61DC22-4198-32B0-AB42-D31DD5B5B953}.Debug|x64.ActiveCfg = Debug|x64
		{BC61DC22-4198-32B0-AB42-D31DD5B5B953}.Release|x64.ActiveCfg = Release|x64
		{9001963A-08BC-3424-A2E7-62EFCF10D32E}.Debug|x64.ActiveCfg = Debug|x64
		{9001963A-08BC-3424-A2E7-62EFCF10D32E}.Release|x64.ActiveCfg = Release|x64
		{D55AF825-D256-39A8-A34B-FCC3361CA509}.Debug|x64.ActiveCfg = Debug|x64
		{D55AF825-D256-39A8-A34B-FCC3361CA509}.Debug|x64.Build.0 = Debug|x64
		{D55AF825-D256-39A8-A34B-FCC3361CA509}.Release|x64.ActiveCfg = Release|x64
		{D55AF825-D256-39A8-A34B-FCC3361CA509}.Release|x64.Build.0 = Release|x64
		{50BB38D1-AD54-3A11-8B62-E705A8626623}.Debug|x64.ActiveCfg = Debug|x64
		{50BB38D1-AD54-3A11-8B62-E705A8626623}.Debug|x64.Build.0 = Debug|x64
		{50BB38D1-AD54-3A11-8B62-E705A8626623}.Release|x64.ActiveCfg = Release|x64
		{50BB38D1-AD54-3A11-8B62-E705A8626623}.Release|x64.Build.0 = Release|x64
		{0AF2F716-4DA4-32C8-A0D4-62AADD791D27}.Debug|x64.ActiveCfg = Debug|x64
		{0AF2F716-4DA4-32C8-A0D4-62AADD791D27}.Debug|x64.Build.0 = Debug|x64
		{0AF2F716-4DA4-32C8-A0D4-62AADD791D27}.Release|x64.ActiveCfg = Release|x64
		{0AF2F716-4DA4-32C8-A0D4-62AADD791D27}.Release|x64.Build.0 = Release|x64
		{9B907DF2-0BF7-3056-A01E-38EB52701855}.Debug|x64.ActiveCfg = Debug|x64
		{9B907DF2-0BF7-3056-A01E-38EB52701855}.Debug|x64.Build.0 = Debug|x64
		{9B907DF2-0BF7-3056-A01E-38EB52701855}.Release|x64.ActiveCfg = Release|x64
		{9B907DF2-0BF7-3056-A01E-38EB52701855}.Release|x64.Build.0 = Release|x64
		{A6F63D23-B255-38BF-985E-CC4C7DFA0C4B}.Debug|x64.ActiveCfg = Debug|x64
		{A6F63D23-B255-38BF-985E-CC4C7DFA0C4B}.Debug|x64.Build.0 = Debug|x64
		{A6F63D23-B255-38BF-985E-CC4C7DFA0C4B}.Release|x64.ActiveCfg = Release|x64
		{A6F63D23-B255-38BF-985E-CC4C7DFA0C4B}.Release|x64.Build.0 = Release|x64
		{FC705F46-B4FF-3226-95B3-01C4345837BC}.Debug|x64.ActiveCfg = Debug|x64
		{FC705F46-B4FF-3226-95B3-01C4345837BC}.Debug|x64.Build.0 = Debug|x64
		{FC705F46-B4FF-3226-95B3-01C4345837BC}.Release|x64.ActiveCfg = Release|x64
		{FC705F46-B4FF-3226-95B3-01C4345837BC}.Release|x64.Build.0 = Release|x64
		{3847F7AA-1B0F-30CF-AAE9-5463F7C8B31E}.Debug|x64.ActiveCfg = Debug|x64
		{3847F7AA-1B0F-30CF-AAE9-5463F7C8B31E}.Debug|x64.Build.0 = Debug|x64
		{3847F7AA-1B0F-30CF-AAE9-5463F7C8B31E}.Release|x64.ActiveCfg = Release|x64
		{3847F7AA-1B0F-30CF-AAE9-5463F7C8B31E}.Release|x64.Build.0 = Release|x64
		{8AFCD249-5D3E-3AAC-A16E-1227377B3BA7}.Debug|x64.ActiveCfg = Debug|x64
		{8AFCD249-5D3E-3AAC-A16E-1227377B3BA7}.Debug|x64.Build.0 = Debug|x64
		{8AFCD249-5D3E-3AAC-A16E-1227377B3BA7}.Release|x64.ActiveCfg = Release|x64
		{8AFCD249-5D3E-3AAC-A16E-1227377B3BA7}.Release|x64.Build.0 = Release|x64
	EndGlobalSection
	GlobalSection(ExtensibilityGlobals) = postSolution
		SolutionGuid = {DCFAB8F3-C9FA-3A2D-9DD5-D23419DAB61F}
	EndGlobalSection
	GlobalSection(ExtensibilityAddIns) = postSolution
	EndGlobalSection
EndGlobal
