<?xml version="1.0" encoding="utf-8"?>
<Project ToolsVersion="17.0" xmlns="http://schemas.microsoft.com/developer/msbuild/2003">
  <ItemGroup>
    <ClCompile Include="C:\Users\yoruk\Desktop\1\ce205-midterm-\src\tests\googletest\googletest\src\gtest_main.cc">
      <Filter>Source Files</Filter>
    </ClCompile>
  </ItemGroup>
  <ItemGroup>
    <CustomBuild Include="C:\Users\yoruk\Desktop\1\ce205-midterm-\src\tests\googletest\googletest\CMakeLists.txt" />
  </ItemGroup>
  <ItemGroup>
    <Filter Include="Source Files">
      <UniqueIdentifier>{CA06282B-29C4-3F50-8757-2277FA9C9730}</UniqueIdentifier>
    </Filter>
  </ItemGroup>
</Project>
