
Microsoft Visual Studio Solution File, Format Version 12.00
# Visual Studio Version 17
Project("{8BC9CEB8-8B4A-11D0-8D11-00A0C91BC942}") = "ALL_BUILD", "ALL_BUILD.vcxproj", "{EEB3061A-680C-3BA0-8B98-F79AA7E8C37C}"
	ProjectSection(ProjectDependencies) = postProject
		{F131F1CF-F711-3B14-A594-02E2A32FFFCF} = {F131F1CF-F711-3B14-A594-02E2A32FFFCF}
		{D2AA2FF3-03D5-3905-AF27-3DFA757CAE57} = {D2AA2FF3-03D5-3905-AF27-3DFA757CAE57}
		{CDACC7DF-F677-3C2F-BD8F-2F0CA7EEFBF1} = {CDACC7DF-F677-3C2F-BD8F-2F0CA7EEFBF1}
		{C3737F66-EAF1-3C6B-A719-B098DC1A0227} = {C3737F66-EAF1-3C6B-A719-B098DC1A0227}
		{596279AA-554D-3D41-9303-DC36CE7D9875} = {596279AA-554D-3D41-9303-DC36CE7D9875}
	EndProjectSection
EndProject
Project("{8BC9CEB8-8B4A-11D0-8D11-00A0C91BC942}") = "INSTALL", "INSTALL.vcxproj", "{D4749514-C35A-335C-B08E-6482C0EA0ECC}"
	ProjectSection(ProjectDependencies) = postProject
		{EEB3061A-680C-3BA0-8B98-F79AA7E8C37C} = {EEB3061A-680C-3BA0-8B98-F79AA7E8C37C}
		{F131F1CF-F711-3B14-A594-02E2A32FFFCF} = {F131F1CF-F711-3B14-A594-02E2A32FFFCF}
	EndProjectSection
EndProject
Project("{8BC9CEB8-8B4A-11D0-8D11-00A0C91BC942}") = "RUN_TESTS", "RUN_TESTS.vcxproj", "{A1CB9593-ED85-348E-9BBF-C7447DAD1540}"
	ProjectSection(ProjectDependencies) = postProject
		{F131F1CF-F711-3B14-A594-02E2A32FFFCF} = {F131F1CF-F711-3B14-A594-02E2A32FFFCF}
	EndProjectSection
EndProject
Project("{8BC9CEB8-8B4A-11D0-8D11-00A0C91BC942}") = "ZERO_CHECK", "..\..\..\..\\ZERO_CHECK.vcxproj", "{F131F1CF-F711-3B14-A594-02E2A32FFFCF}"
	ProjectSection(ProjectDependencies) = postProject
	EndProjectSection
EndProject
Project("{8BC9CEB8-8B4A-11D0-8D11-00A0C91BC942}") = "gmock", "gmock.vcxproj", "{D2AA2FF3-03D5-3905-AF27-3DFA757CAE57}"
	ProjectSection(ProjectDependencies) = postProject
		{F131F1CF-F711-3B14-A594-02E2A32FFFCF} = {F131F1CF-F711-3B14-A594-02E2A32FFFCF}
	EndProjectSection
EndProject
Project("{8BC9CEB8-8B4A-11D0-8D11-00A0C91BC942}") = "gmock_main", "gmock_main.vcxproj", "{CDACC7DF-F677-3C2F-BD8F-2F0CA7EEFBF1}"
	ProjectSection(ProjectDependencies) = postProject
		{F131F1CF-F711-3B14-A594-02E2A32FFFCF} = {F131F1CF-F711-3B14-A594-02E2A32FFFCF}
	EndProjectSection
EndProject
Project("{8BC9CEB8-8B4A-11D0-8D11-00A0C91BC942}") = "gtest", "..\googletest\gtest.vcxproj", "{C3737F66-EAF1-3C6B-A719-B098DC1A0227}"
	ProjectSection(ProjectDependencies) = postProject
		{F131F1CF-F711-3B14-A594-02E2A32FFFCF} = {F131F1CF-F711-3B14-A594-02E2A32FFFCF}
	EndProjectSection
EndProject
Project("{8BC9CEB8-8B4A-11D0-8D11-00A0C91BC942}") = "gtest_main", "..\googletest\gtest_main.vcxproj", "{596279AA-554D-3D41-9303-DC36CE7D9875}"
	ProjectSection(ProjectDependencies) = postProject
		{F131F1CF-F711-3B14-A594-02E2A32FFFCF} = {F131F1CF-F711-3B14-A594-02E2A32FFFCF}
		{C3737F66-EAF1-3C6B-A719-B098DC1A0227} = {C3737F66-EAF1-3C6B-A719-B098DC1A0227}
	EndProjectSection
EndProject
Global
	GlobalSection(SolutionConfigurationPlatforms) = preSolution
		Debug|x64 = Debug|x64
		Release|x64 = Release|x64
	EndGlobalSection
	GlobalSection(ProjectConfigurationPlatforms) = postSolution
		{EEB3061A-680C-3BA0-8B98-F79AA7E8C37C}.Debug|x64.ActiveCfg = Debug|x64
		{EEB3061A-680C-3BA0-8B98-F79AA7E8C37C}.Debug|x64.Build.0 = Debug|x64
		{EEB3061A-680C-3BA0-8B98-F79AA7E8C37C}.Release|x64.ActiveCfg = Release|x64
		{EEB3061A-680C-3BA0-8B98-F79AA7E8C37C}.Release|x64.Build.0 = Release|x64
		{D4749514-C35A-335C-B08E-6482C0EA0ECC}.Debug|x64.ActiveCfg = Debug|x64
		{D4749514-C35A-335C-B08E-6482C0EA0ECC}.Release|x64.ActiveCfg = Release|x64
		{A1CB9593-ED85-348E-9BBF-C7447DAD1540}.Debug|x64.ActiveCfg = Debug|x64
		{A1CB9593-ED85-348E-9BBF-C7447DAD1540}.Release|x64.ActiveCfg = Release|x64
		{F131F1CF-F711-3B14-A594-02E2A32FFFCF}.Debug|x64.ActiveCfg = Debug|x64
		{F131F1CF-F711-3B14-A594-02E2A32FFFCF}.Debug|x64.Build.0 = Debug|x64
		{F131F1CF-F711-3B14-A594-02E2A32FFFCF}.Release|x64.ActiveCfg = Release|x64
		{F131F1CF-F711-3B14-A594-02E2A32FFFCF}.Release|x64.Build.0 = Release|x64
		{D2AA2FF3-03D5-3905-AF27-3DFA757CAE57}.Debug|x64.ActiveCfg = Debug|x64
		{D2AA2FF3-03D5-3905-AF27-3DFA757CAE57}.Debug|x64.Build.0 = Debug|x64
		{D2AA2FF3-03D5-3905-AF27-3DFA757CAE57}.Release|x64.ActiveCfg = Release|x64
		{D2AA2FF3-03D5-3905-AF27-3DFA757CAE57}.Release|x64.Build.0 = Release|x64
		{CDACC7DF-F677-3C2F-BD8F-2F0CA7EEFBF1}.Debug|x64.ActiveCfg = Debug|x64
		{CDACC7DF-F677-3C2F-BD8F-2F0CA7EEFBF1}.Debug|x64.Build.0 = Debug|x64
		{CDACC7DF-F677-3C2F-BD8F-2F0CA7EEFBF1}.Release|x64.ActiveCfg = Release|x64
		{CDACC7DF-F677-3C2F-BD8F-2F0CA7EEFBF1}.Release|x64.Build.0 = Release|x64
		{C3737F66-EAF1-3C6B-A719-B098DC1A0227}.Debug|x64.ActiveCfg = Debug|x64
		{C3737F66-EAF1-3C6B-A719-B098DC1A0227}.Debug|x64.Build.0 = Debug|x64
		{C3737F66-EAF1-3C6B-A719-B098DC1A0227}.Release|x64.ActiveCfg = Release|x64
		{C3737F66-EAF1-3C6B-A719-B098DC1A0227}.Release|x64.Build.0 = Release|x64
		{596279AA-554D-3D41-9303-DC36CE7D9875}.Debug|x64.ActiveCfg = Debug|x64
		{596279AA-554D-3D41-9303-DC36CE7D9875}.Debug|x64.Build.0 = Debug|x64
		{596279AA-554D-3D41-9303-DC36CE7D9875}.Release|x64.ActiveCfg = Release|x64
		{596279AA-554D-3D41-9303-DC36CE7D9875}.Release|x64.Build.0 = Release|x64
	EndGlobalSection
	GlobalSection(ExtensibilityGlobals) = postSolution
		SolutionGuid = {AA41E108-C03A-3034-8E94-F85F15764AC4}
	EndGlobalSection
	GlobalSection(ExtensibilityAddIns) = postSolution
	EndGlobalSection
EndGlobal
