
Microsoft Visual Studio Solution File, Format Version 12.00
# Visual Studio Version 17
Project("{8BC9CEB8-8B4A-11D0-8D11-00A0C91BC942}") = "ALL_BUILD", "ALL_BUILD.vcxproj", "{A3912373-0062-3C23-955F-B4FB73A1255C}"
	ProjectSection(ProjectDependencies) = postProject
		{D55AF825-D256-39A8-A34B-FCC3361CA509} = {D55AF825-D256-39A8-A34B-FCC3361CA509}
		{8E6FF4C7-F2DF-39D6-BB42-D30F55DC1DEA} = {8E6FF4C7-F2DF-39D6-BB42-D30F55DC1DEA}
		{19D06AB4-294B-3C7D-8ED8-395B629285B8} = {19D06AB4-294B-3C7D-8ED8-395B629285B8}
		{50BB38D1-AD54-3A11-8B62-E705A8626623} = {50BB38D1-AD54-3A11-8B62-E705A8626623}
		{0AF2F716-4DA4-32C8-A0D4-62AADD791D27} = {0AF2F716-4DA4-32C8-A0D4-62AADD791D27}
	EndProjectSection
EndProject
Project("{8BC9CEB8-8B4A-11D0-8D11-00A0C91BC942}") = "INSTALL", "INSTALL.vcxproj", "{BC61DC22-4198-32B0-AB42-D31DD5B5B953}"
	ProjectSection(ProjectDependencies) = postProject
		{A3912373-0062-3C23-955F-B4FB73A1255C} = {A3912373-0062-3C23-955F-B4FB73A1255C}
		{D55AF825-D256-39A8-A34B-FCC3361CA509} = {D55AF825-D256-39A8-A34B-FCC3361CA509}
	EndProjectSection
EndProject
Project("{8BC9CEB8-8B4A-11D0-8D11-00A0C91BC942}") = "RUN_TESTS", "RUN_TESTS.vcxproj", "{9001963A-08BC-3424-A2E7-62EFCF10D32E}"
	ProjectSection(ProjectDependencies) = postProject
		{D55AF825-D256-39A8-A34B-FCC3361CA509} = {D55AF825-D256-39A8-A34B-FCC3361CA509}
	EndProjectSection
EndProject
Project("{8BC9CEB8-8B4A-11D0-8D11-00A0C91BC942}") = "ZERO_CHECK", "..\..\..\..\\ZERO_CHECK.vcxproj", "{D55AF825-D256-39A8-A34B-FCC3361CA509}"
	ProjectSection(ProjectDependencies) = postProject
	EndProjectSection
EndProject
Project("{8BC9CEB8-8B4A-11D0-8D11-00A0C91BC942}") = "gmock", "gmock.vcxproj", "{8E6FF4C7-F2DF-39D6-BB42-D30F55DC1DEA}"
	ProjectSection(ProjectDependencies) = postProject
		{D55AF825-D256-39A8-A34B-FCC3361CA509} = {D55AF825-D256-39A8-A34B-FCC3361CA509}
	EndProjectSection
EndProject
Project("{8BC9CEB8-8B4A-11D0-8D11-00A0C91BC942}") = "gmock_main", "gmock_main.vcxproj", "{19D06AB4-294B-3C7D-8ED8-395B629285B8}"
	ProjectSection(ProjectDependencies) = postProject
		{D55AF825-D256-39A8-A34B-FCC3361CA509} = {D55AF825-D256-39A8-A34B-FCC3361CA509}
	EndProjectSection
EndProject
Project("{8BC9CEB8-8B4A-11D0-8D11-00A0C91BC942}") = "gtest", "..\googletest\gtest.vcxproj", "{50BB38D1-AD54-3A11-8B62-E705A8626623}"
	ProjectSection(ProjectDependencies) = postProject
		{D55AF825-D256-39A8-A34B-FCC3361CA509} = {D55AF825-D256-39A8-A34B-FCC3361CA509}
	EndProjectSection
EndProject
Project("{8BC9CEB8-8B4A-11D0-8D11-00A0C91BC942}") = "gtest_main", "..\googletest\gtest_main.vcxproj", "{0AF2F716-4DA4-32C8-A0D4-62AADD791D27}"
	ProjectSection(ProjectDependencies) = postProject
		{D55AF825-D256-39A8-A34B-FCC3361CA509} = {D55AF825-D256-39A8-A34B-FCC3361CA509}
		{50BB38D1-AD54-3A11-8B62-E705A8626623} = {50BB38D1-AD54-3A11-8B62-E705A8626623}
	EndProjectSection
EndProject
Global
	GlobalSection(SolutionConfigurationPlatforms) = preSolution
		Debug|x64 = Debug|x64
		Release|x64 = Release|x64
	EndGlobalSection
	GlobalSection(ProjectConfigurationPlatforms) = postSolution
		{A3912373-0062-3C23-955F-B4FB73A1255C}.Debug|x64.ActiveCfg = Debug|x64
		{A3912373-0062-3C23-955F-B4FB73A1255C}.Debug|x64.Build.0 = Debug|x64
		{A3912373-0062-3C23-955F-B4FB73A1255C}.Release|x64.ActiveCfg = Release|x64
		{A3912373-0062-3C23-955F-B4FB73A1255C}.Release|x64.Build.0 = Release|x64
		{BC61DC22-4198-32B0-AB42-D31DD5B5B953}.Debug|x64.ActiveCfg = Debug|x64
		{BC61DC22-4198-32B0-AB42-D31DD5B5B953}.Release|x64.ActiveCfg = Release|x64
		{9001963A-08BC-3424-A2E7-62EFCF10D32E}.Debug|x64.ActiveCfg = Debug|x64
		{9001963A-08BC-3424-A2E7-62EFCF10D32E}.Release|x64.ActiveCfg = Release|x64
		{D55AF825-D256-39A8-A34B-FCC3361CA509}.Debug|x64.ActiveCfg = Debug|x64
		{D55AF825-D256-39A8-A34B-FCC3361CA509}.Debug|x64.Build.0 = Debug|x64
		{D55AF825-D256-39A8-A34B-FCC3361CA509}.Release|x64.ActiveCfg = Release|x64
		{D55AF825-D256-39A8-A34B-FCC3361CA509}.Release|x64.Build.0 = Release|x64
		{8E6FF4C7-F2DF-39D6-BB42-D30F55DC1DEA}.Debug|x64.ActiveCfg = Debug|x64
		{8E6FF4C7-F2DF-39D6-BB42-D30F55DC1DEA}.Debug|x64.Build.0 = Debug|x64
		{8E6FF4C7-F2DF-39D6-BB42-D30F55DC1DEA}.Release|x64.ActiveCfg = Release|x64
		{8E6FF4C7-F2DF-39D6-BB42-D30F55DC1DEA}.Release|x64.Build.0 = Release|x64
		{19D06AB4-294B-3C7D-8ED8-395B629285B8}.Debug|x64.ActiveCfg = Debug|x64
		{19D06AB4-294B-3C7D-8ED8-395B629285B8}.Debug|x64.Build.0 = Debug|x64
		{19D06AB4-294B-3C7D-8ED8-395B629285B8}.Release|x64.ActiveCfg = Release|x64
		{19D06AB4-294B-3C7D-8ED8-395B629285B8}.Release|x64.Build.0 = Release|x64
		{50BB38D1-AD54-3A11-8B62-E705A8626623}.Debug|x64.ActiveCfg = Debug|x64
		{50BB38D1-AD54-3A11-8B62-E705A8626623}.Debug|x64.Build.0 = Debug|x64
		{50BB38D1-AD54-3A11-8B62-E705A8626623}.Release|x64.ActiveCfg = Release|x64
		{50BB38D1-AD54-3A11-8B62-E705A8626623}.Release|x64.Build.0 = Release|x64
		{0AF2F716-4DA4-32C8-A0D4-62AADD791D27}.Debug|x64.ActiveCfg = Debug|x64
		{0AF2F716-4DA4-32C8-A0D4-62AADD791D27}.Debug|x64.Build.0 = Debug|x64
		{0AF2F716-4DA4-32C8-A0D4-62AADD791D27}.Release|x64.ActiveCfg = Release|x64
		{0AF2F716-4DA4-32C8-A0D4-62AADD791D27}.Release|x64.Build.0 = Release|x64
	EndGlobalSection
	GlobalSection(ExtensibilityGlobals) = postSolution
		SolutionGuid = {DA3768D3-A13C-38F4-BD18-A673D9F8FCA9}
	EndGlobalSection
	GlobalSection(ExtensibilityAddIns) = postSolution
	EndGlobalSection
EndGlobal
