<?xml version="1.0" encoding="utf-8"?>
<Project ToolsVersion="17.0" xmlns="http://schemas.microsoft.com/developer/msbuild/2003">
  <ItemGroup>
    <CustomBuild Include="C:\Users\aliem\Desktop\1\ce205-midterm-\build_win\CMakeFiles\ecbd202a720560d5bd62f73ee97f784c\INSTALL_force.rule">
      <Filter>CMake Rules</Filter>
    </CustomBuild>
  </ItemGroup>
  <ItemGroup>
    <Filter Include="CMake Rules">
      <UniqueIdentifier>{80F27491-5659-3490-9DAA-9CD366115C7F}</UniqueIdentifier>
    </Filter>
  </ItemGroup>
</Project>
