<?xml version="1.0" encoding="utf-8"?>
<Project ToolsVersion="17.0" xmlns="http://schemas.microsoft.com/developer/msbuild/2003">
  <ItemGroup>
    <CustomBuild Include="C:\Users\samet\OneDrive\Masaüstü\Programming\Data Structurs.Re\ce205-midterm-\build_win\CMakeFiles\167663acd953bfd691c59679be619106\INSTALL_force.rule">
      <Filter>CMake Rules</Filter>
    </CustomBuild>
  </ItemGroup>
  <ItemGroup>
    <Filter Include="CMake Rules">
      <UniqueIdentifier>{8203EC73-389B-39A1-83C1-A86924DD8E64}</UniqueIdentifier>
    </Filter>
  </ItemGroup>
</Project>
