<?xml version="1.0" encoding="utf-8"?>
<Project ToolsVersion="17.0" xmlns="http://schemas.microsoft.com/developer/msbuild/2003">
  <ItemGroup>
    <ClCompile Include="C:\Users\aliem\Desktop\ce205-midterm-\src\tests\publictransportationscheduler\publictransportationscheduler_test.cpp">
      <Filter>src</Filter>
    </ClCompile>
  </ItemGroup>
  <ItemGroup>
    <CustomBuild Include="C:\Users\aliem\Desktop\ce205-midterm-\src\tests\publictransportationscheduler\CMakeLists.txt" />
  </ItemGroup>
  <ItemGroup>
    <Filter Include="src">
      <UniqueIdentifier>{AE633BA6-1405-37EB-ABD7-ABF7DCFD0CDC}</UniqueIdentifier>
    </Filter>
  </ItemGroup>
</Project>
